{
    "_meta": {
        "hash": {
            "sha256": "cd64235d2545a5cc490c0c122be88bddbf0a3e3fec060e8761c00cecc116bb74"
        },
        "pipfile-spec": 6,
        "requires": {
            "python_version": "3.7"
        },
        "sources": [
            {
                "name": "pypi",
                "url": "https://pypi.org/simple",
                "verify_ssl": true
            }
        ]
    },
    "default": {
        "argparse": {
            "hashes": [
                "sha256:62b089a55be1d8949cd2bc7e0df0bddb9e028faefc8c32038cc84862aefdd6e4",
                "sha256:c31647edb69fd3d465a847ea3157d37bed1f95f19760b11a47aa91c04b666314"
            ],
            "version": "==1.4.0"
        },
        "certifi": {
            "hashes": [
                "sha256:1a4995114262bffbc2413b159f2a1a480c969de6e6eb13ee966d470af86af59c",
                "sha256:719a74fb9e33b9bd44cc7f3a8d94bc35e4049deebe19ba7d8e108280cfd59830"
            ],
            "version": "==2020.12.5"
        },
        "chardet": {
            "hashes": [
                "sha256:84ab92ed1c4d4f16916e05906b6b75a6c0fb5db821cc65e70cbd64a3e2a5eaae",
                "sha256:fc323ffcaeaed0e0a02bf4d117757b98aed530d9ed4531e3e15460124c106691"
            ],
            "version": "==3.0.4"
        },
        "click": {
            "hashes": [
                "sha256:cc6a19da8ebff6e7074f731447ef7e112bd23adf3de5c597cf9989f2fd8defe9",
                "sha256:fcf697e1fd4b567d817c69dab10a4035937fe6af175c05fd6806b69f74cbc6c4"
            ],
            "index": "pypi",
            "version": "==6.6"
        },
        "dateutils": {
            "hashes": [
                "sha256:c94a8e77d743abac79ed91f99f5ef594a972a527e05145cbb7aba59beced8a71"
            ],
            "index": "pypi",
            "version": "==0.6.6"
        },
        "flask": {
            "hashes": [
                "sha256:7fab1062d11dd0038434e790d18c5b9133fd9e6b7257d707c4578ccc1e38b67c",
                "sha256:b1883637bbee4dc7bc98d900792d0a304d609fce0f5bd9ca91d1b6457e5918dd"
            ],
            "index": "pypi",
            "version": "==1.0"
        },
        "flask-mongoengine": {
            "hashes": [
                "sha256:24b30f3cfce95a53f0ad7ce14aa5eb24db7a6db756e1549056fb2b4b397b045e"
            ],
            "index": "pypi",
            "version": "==0.8"
        },
        "flask-wtf": {
            "hashes": [
                "sha256:20a5d72271677722ba6834e9e3327af777e0f6a758a3010c892c362107398512",
                "sha256:706a8fbf2d1d1e89264a57a60e83fabc0bd8a92b11ea45d9fa8f4241dc0a2381"
            ],
            "index": "pypi",
            "version": "==0.13.1"
        },
        "idna": {
            "hashes": [
                "sha256:156a6814fb5ac1fc6850fb002e0852d56c0c8d2531923a51032d1b70760e186e",
                "sha256:684a38a6f903c1d71d6d5fac066b58d7768af4de2b832e426ec79c30daa94a16"
            ],
            "version": "==2.7"
        },
        "itsdangerous": {
            "hashes": [
                "sha256:cbb3fcf8d3e33df861709ecaf89d9e6629cff0a217bc2848f1b41cd30d360519"
            ],
            "index": "pypi",
            "version": "==0.24"
        },
        "jinja2": {
            "hashes": [
                "sha256:03e47ad063331dd6a3f04a43eddca8a966a26ba0c5b7207a9a9e4e08f1b29419",
                "sha256:a6d58433de0ae800347cab1fa3043cebbabe8baa9d29e668f1c768cb87a333c6"
            ],
            "index": "pypi",
            "version": "==2.11.3"
        },
        "markupsafe": {
            "hashes": [
                "sha256:a4ec1aff59b95a14b45eb2e23761a0179e98319da5a7eb76b56ea8cdc7b871c3"
            ],
            "index": "pypi",
            "version": "==0.23"
        },
        "mongoengine": {
            "hashes": [
                "sha256:007e3ac452c0a670e89c1d9755f7ddfc2f10982e6edda555e3671ee4cf7b12a5"
            ],
            "index": "pypi",
            "version": "==0.10.6"
        },
        "mongoengine-goodjson": {
            "hashes": [
                "sha256:31c1f7a84567add809333ea2d29ee61ff75f2452f95d987d303607c75fc013b5"
            ],
            "index": "pypi",
            "version": "==0.11.3"
        },
        "pymongo": {
            "hashes": [
                "sha256:022972f3390278e9e74a4e69db2ffa5e5c29d5d643e86d5137ab3837b3b0d6af",
                "sha256:07daedcd27c9a3e72eaabf6b56284ffd297d88ac847184e7843d2275519cc8f1",
                "sha256:0d789760711e804a1bf8e1d1ea4ffca786760e534e55733343734d30ffda7913",
                "sha256:0e6647e0ff3ec8ecd236a755a2da892b583f5d729f6d01b484303487a1704dd5",
                "sha256:18052cc0c6efed9f0020198423b9b338e9b0cdc36ab1d2c3e367e1848d8ec491",
                "sha256:1c352b86f3866787cf01e544a2b6d399e1545af68ce9da7ba4a4ae0658682489",
                "sha256:1f20ae3eb4963d623ccce24ba3a442b43357d9ad1f2bb6ad8cfc306197f61d94",
                "sha256:2da7f5fc70f6b23eddd9b08ced7aeae50a6f873512fdd01ed6ae42ebfed39641",
                "sha256:2dd28899288b8c6b63dc2240316c7d1c892978e018651d1c11f1162ca8fa7c17",
                "sha256:424deb094cd3072a3bbde8ed61fa1a17df7608a8f897c81c5660296d6d3d9c34",
                "sha256:4601cd3120e88fb532478f79f29f8f6deab380343d55ad7702a5aa1af27555b1",
                "sha256:4f6effcde8652f6a8c5a5df6253fee605f01f5335670b50236f4ebbfd4e1e24e",
                "sha256:569e785558fd68817cb6e8913e2d0492a8e584077e90cc2ce0fd019915952ae9",
                "sha256:6196b8765f51e3960e34306e8836c54af50033b71365bdaba81204bde3a50283",
                "sha256:749ebb28dbb372247799cdb9ba5005f467307252965e48eeb1875c0e2478c6c3",
                "sha256:760ddbd5916ae6e11c89bacc8adad18b1686b02613e8ed2f70daa81669b61c57",
                "sha256:7683bc7b26a60a9c019e346fd9f72368e73180396c321b822664fbf39ce96878",
                "sha256:7a4b9f1fcd1bd73262773510e68686035f02f8c26bbaaf83fff632792d5f1a66",
                "sha256:7b4af00b48225c6aa05c3980827fb57c130130e8f59012fe5fe32867102a5a09",
                "sha256:7cecd4cccabe5e1aae3a5dc0ea1d13caf4230776800c1cbf3f69f639b8b2c8c6",
                "sha256:7fa529dde76d22019f7c1be90428301eafc8c0b9354dc8e795b93d3d971029eb",
                "sha256:864b86f72fa3c6cd0e110cda736a63dcaf6a5e19d8c3ae6a4cba29898a0636b2",
                "sha256:8e565ed54df32ae9a3cd7cb9df036ef4223b21d654305a85910bf90d5da68908",
                "sha256:9f15de6ab0f258810e1168234f1f53a3005241fc8df51cdcc4005759ec9ce230",
                "sha256:9f168abc5ebe15d5b237b180394cedbc997a3ba26eb072095fd22bfee3ebb921",
                "sha256:b0d0978e4ded8ce13b82e0af9d692dea908a53418db94962adc17793f83e097f",
                "sha256:c5697f0ed4755a49a0d09d96304f31bcf487daba827f44783f3941baa38c2c2f",
                "sha256:c9e477c3de93244663ba3431705cc8d2d946742b22ee072e359ef8f747fd3862",
                "sha256:cd499cfd62f1122cb8e5e31c6bfcdc870c1a6cf8a679e59b42f3cf01d52220dd",
                "sha256:cfe113d857b84a163fcc354c33e343da35de94fdeb89391006de256a92ef8624",
                "sha256:d86a0401a797df949d631a1046b34ea394e0473369a6b59236fa822531387a6d",
                "sha256:e2c6a28021b1c9a7b48879186dc3e3128e1591844d7794288d2ae45e911d1600",
                "sha256:ebb096d7679b78650ad75a3e425d8de848ca4bc0ede58ca1bc303ec7efa16539",
                "sha256:efcbaab73cb2521fb1ba1a431fcce7d3df8b7d1231e68db02a38926f7125eb98"
            ],
            "index": "pypi",
            "version": "==3.3.1"
        },
        "python-dateutil": {
            "hashes": [
                "sha256:3acbef017340600e9ff8f2994d8f7afd6eacb295383f286466a6df3961e486f0",
                "sha256:537bf2a8f8ce6f6862ad705cd68f9e405c0b5db014aa40fa29eab4335d4b1716",
                "sha256:62a2f8df3d66f878373fd0072eacf4ee52194ba302e00082828e0d263b0418d2"
            ],
            "index": "pypi",
            "version": "==2.6.0"
        },
        "pytz": {
            "hashes": [
                "sha256:054d9814d00254571cff84f6faedb25c046008322cbe51a6d5664c912b4f2929",
                "sha256:6eab31709e3a4aea748457707da45e805b650cbb352583805d2417de2a1dd71e",
                "sha256:8787de03f35f31699bcaf127e56ad14c00647965ed24d72dbaca87c6e4f843a3",
                "sha256:c6fe748ed6c676d9404b47897cfb399c514fb7428298465c8a3310ee5a2a0ec9"
            ],
            "index": "pypi",
            "version": "==2016.7"
        },
        "requests": {
            "hashes": [
                "sha256:99dcfdaaeb17caf6e526f32b6a7b780461512ab3f1d992187801694cba42770c",
                "sha256:a84b8c9ab6239b578f22d1c21d51b696dcfe004032bb80ea832398d6909d7279"
            ],
            "index": "pypi",
            "version": "==2.20.0"
        },
        "six": {
            "hashes": [
                "sha256:0ff78c403d9bccf5a425a6d31a12aa6b47f1c21ca4dc2573a7e2f32a97335eb1",
                "sha256:105f8d68616f8248e24bf0e9372ef04d3cc10104f1980f54d57b2ce73a5ad56a"
            ],
            "index": "pypi",
            "version": "==1.10.0"
        },
        "urllib3": {
            "hashes": [
                "sha256:2393a695cd12afedd0dcb26fe5d50d0cf248e5a66f75dbd89a3d4eb333a61af4",
                "sha256:a637e5fae88995b256e3409dc4d52c2e2e0ba32c42a6365fee8bbd2238de3cfb"
            ],
            "version": "==1.24.3"
        },
        "werkzeug": {
            "hashes": [
                "sha256:97660b282aa7e29f94f3fe378e5c7162d7ab9d601a8dbb1cbb2ffc8f0e54607d",
                "sha256:cfd1281b1748288e59762c0e174d64d8bcb2b70e7c57bc4a1203c8825af24ac3"
            ],
            "index": "pypi",
            "version": "==0.15.3"
        },
        "wtforms": {
            "hashes": [
                "sha256:ffdf10bd1fa565b8233380cb77a304cd36fd55c73023e91d4b803c96bc11d46f"
            ],
            "index": "pypi",
            "version": "==2.1"
        }
    },
    "develop": {}
}
